{
  "requires": true,
  "lockfileVersion": 1,
  "dependencies": {
    "@vendia/serverless-express": {
      "version": "3.4.0",
      "resolved": "https://registry.npmjs.org/@vendia/serverless-express/-/serverless-express-3.4.0.tgz",
      "integrity": "sha512-/UAAbi9qRjUtjRISt5MJ1sfhtrHb26hqQ0nvE5qhMLsAdR5H7ErBwPD8Q/v2OENKm0iWsGwErIZEg7ebUeFDjQ==",
      "requires": {
        "binary-case": "^1.0.0",
        "type-is": "^1.6.16"
      }
    },
    "aws-serverless-express": {
      "version": "3.4.0",
      "resolved": "https://registry.npmjs.org/aws-serverless-express/-/aws-serverless-express-3.4.0.tgz",
      "integrity": "sha512-YG9ZjAOI9OpwqDDWzkRc3kKJYJuR7gTMjLa3kAWopO17myoprxskCUyCEee+RKe34tcR4UNrVtgAwW5yDe74bw==",
      "requires": {
        "@vendia/serverless-express": "^3.4.0",
        "binary-case": "^1.0.0",
        "type-is": "^1.6.16"
      }
    },
    "binary-case": {
      "version": "1.1.4",
      "resolved": "https://registry.npmjs.org/binary-case/-/binary-case-1.1.4.tgz",
      "integrity": "sha512-9Kq8m6NZTAgy05Ryuh7U3Qc4/ujLQU1AZ5vMw4cr3igTdi5itZC6kCNrRr2X8NzPiDn2oUIFTfa71DKMnue/Zg=="
    },
    "media-typer": {
      "version": "0.3.0",
      "resolved": "https://registry.npmjs.org/media-typer/-/media-typer-0.3.0.tgz",
      "integrity": "sha1-hxDXrwqmJvj/+hzgAWhUUmMlV0g="
    },
    "mime-db": {
      "version": "1.45.0",
      "resolved": "https://registry.npmjs.org/mime-db/-/mime-db-1.45.0.tgz",
      "integrity": "sha512-CkqLUxUk15hofLoLyljJSrukZi8mAtgd+yE5uO4tqRZsdsAJKv0O+rFMhVDRJgozy+yG6md5KwuXhD4ocIoP+w=="
    },
    "mime-types": {
      "version": "2.1.28",
      "resolved": "https://registry.npmjs.org/mime-types/-/mime-types-2.1.28.tgz",
      "integrity": "sha512-0TO2yJ5YHYr7M2zzT7gDU1tbwHxEUWBCLt0lscSNpcdAfFyJOVEpRYNS7EXVcTLNj/25QO8gulHC5JtTzSE2UQ==",
      "requires": {
        "mime-db": "1.45.0"
      }
    },
    "type-is": {
      "version": "1.6.18",
      "resolved": "https://registry.npmjs.org/type-is/-/type-is-1.6.18.tgz",
      "integrity": "sha512-TkRKr9sUTxEH8MdfuCSP7VizJyzRNMjj2J2do2Jr3Kym598JVdEksuzPQCnlFPW4ky9Q+iA+ma9BGm06XQBy8g==",
      "requires": {
        "media-typer": "0.3.0",
        "mime-types": "~2.1.24"
      }
    }
  }
}
